// !$*UTF8*$!
{
	archiveVersion = 1;
	classes = {
	};
	objectVersion = 46;
	objects = {

/* Begin PBXBuildFile section */
		790F8D981E606366006B1AC7 /* AppDelegate.swift in Sources */ = {isa = PBXBuildFile; fileRef = 790F8D971E606366006B1AC7 /* AppDelegate.swift */; };
		790F8D9A1E606366006B1AC7 /* HomeController.swift in Sources */ = {isa = PBXBuildFile; fileRef = 790F8D991E606366006B1AC7 /* HomeController.swift */; };
		790F8D9D1E606366006B1AC7 /* Main.storyboard in Resources */ = {isa = PBXBuildFile; fileRef = 790F8D9B1E606366006B1AC7 /* Main.storyboard */; };
		790F8D9F1E606366006B1AC7 /* Assets.xcassets in Resources */ = {isa = PBXBuildFile; fileRef = 790F8D9E1E606366006B1AC7 /* Assets.xcassets */; };
		790F8DA21E606366006B1AC7 /* LaunchScreen.storyboard in Resources */ = {isa = PBXBuildFile; fileRef = 790F8DA01E606366006B1AC7 /* LaunchScreen.storyboard */; };
		790F8DAB1E61F123006B1AC7 /* Extensions.swift in Sources */ = {isa = PBXBuildFile; fileRef = 790F8DAA1E61F123006B1AC7 /* Extensions.swift */; };
		790F8DAE1E61F1B8006B1AC7 /* VideoCell.swift in Sources */ = {isa = PBXBuildFile; fileRef = 790F8DAD1E61F1B8006B1AC7 /* VideoCell.swift */; };
		792CAA4D1E63382C00FE914E /* MenuBar.swift in Sources */ = {isa = PBXBuildFile; fileRef = 792CAA4C1E63382C00FE914E /* MenuBar.swift */; };
		793B46E31E67161F000628F4 /* SettingCell.swift in Sources */ = {isa = PBXBuildFile; fileRef = 793B46E21E67161F000628F4 /* SettingCell.swift */; };
		793B46E61E6814BA000628F4 /* ApiService.swift in Sources */ = {isa = PBXBuildFile; fileRef = 793B46E51E6814BA000628F4 /* ApiService.swift */; };
		793B46E81E686535000628F4 /* FeedCell.swift in Sources */ = {isa = PBXBuildFile; fileRef = 793B46E71E686535000628F4 /* FeedCell.swift */; };
		793B46EA1E688EC9000628F4 /* TrendingCell.swift in Sources */ = {isa = PBXBuildFile; fileRef = 793B46E91E688EC9000628F4 /* TrendingCell.swift */; };
		793B46EC1E6892F4000628F4 /* SubscriptionCell.swift in Sources */ = {isa = PBXBuildFile; fileRef = 793B46EB1E6892F4000628F4 /* SubscriptionCell.swift */; };
		793B46EE1E6AE2C8000628F4 /* VideoLauncher.swift in Sources */ = {isa = PBXBuildFile; fileRef = 793B46ED1E6AE2C8000628F4 /* VideoLauncher.swift */; };
		796499BE1E658DD200EB4859 /* Video.swift in Sources */ = {isa = PBXBuildFile; fileRef = 796499BD1E658DD200EB4859 /* Video.swift */; };
		796499C01E65FFA700EB4859 /* SettingsLauncher.swift in Sources */ = {isa = PBXBuildFile; fileRef = 796499BF1E65FFA700EB4859 /* SettingsLauncher.swift */; };
/* End PBXBuildFile section */

/* Begin PBXFileReference section */
		790F8D941E606366006B1AC7 /* Youtube.app */ = {isa = PBXFileReference; explicitFileType = wrapper.application; includeInIndex = 0; path = Youtube.app; sourceTree = BUILT_PRODUCTS_DIR; };
		790F8D971E606366006B1AC7 /* AppDelegate.swift */ = {isa = PBXFileReference; lastKnownFileType = sourcecode.swift; path = AppDelegate.swift; sourceTree = "<group>"; };
		790F8D991E606366006B1AC7 /* HomeController.swift */ = {isa = PBXFileReference; lastKnownFileType = sourcecode.swift; path = HomeController.swift; sourceTree = "<group>"; };
		790F8D9C1E606366006B1AC7 /* Base */ = {isa = PBXFileReference; lastKnownFileType = file.storyboard; name = Base; path = Base.lproj/Main.storyboard; sourceTree = "<group>"; };
		790F8D9E1E606366006B1AC7 /* Assets.xcassets */ = {isa = PBXFileReference; lastKnownFileType = folder.assetcatalog; path = Assets.xcassets; sourceTree = "<group>"; };
		790F8DA11E606366006B1AC7 /* Base */ = {isa = PBXFileReference; lastKnownFileType = file.storyboard; name = Base; path = Base.lproj/LaunchScreen.storyboard; sourceTree = "<group>"; };
		790F8DA31E606366006B1AC7 /* Info.plist */ = {isa = PBXFileReference; lastKnownFileType = text.plist.xml; path = Info.plist; sourceTree = "<group>"; };
		790F8DAA1E61F123006B1AC7 /* Extensions.swift */ = {isa = PBXFileReference; fileEncoding = 4; lastKnownFileType = sourcecode.swift; path = Extensions.swift; sourceTree = "<group>"; };
		790F8DAD1E61F1B8006B1AC7 /* VideoCell.swift */ = {isa = PBXFileReference; fileEncoding = 4; lastKnownFileType = sourcecode.swift; path = VideoCell.swift; sourceTree = "<group>"; };
		792CAA4C1E63382C00FE914E /* MenuBar.swift */ = {isa = PBXFileReference; fileEncoding = 4; lastKnownFileType = sourcecode.swift; path = MenuBar.swift; sourceTree = "<group>"; };
		793B46E21E67161F000628F4 /* SettingCell.swift */ = {isa = PBXFileReference; fileEncoding = 4; lastKnownFileType = sourcecode.swift; path = SettingCell.swift; sourceTree = "<group>"; };
		793B46E51E6814BA000628F4 /* ApiService.swift */ = {isa = PBXFileReference; fileEncoding = 4; lastKnownFileType = sourcecode.swift; path = ApiService.swift; sourceTree = "<group>"; };
		793B46E71E686535000628F4 /* FeedCell.swift */ = {isa = PBXFileReference; fileEncoding = 4; lastKnownFileType = sourcecode.swift; path = FeedCell.swift; sourceTree = "<group>"; };
		793B46E91E688EC9000628F4 /* TrendingCell.swift */ = {isa = PBXFileReference; fileEncoding = 4; lastKnownFileType = sourcecode.swift; path = TrendingCell.swift; sourceTree = "<group>"; };
		793B46EB1E6892F4000628F4 /* SubscriptionCell.swift */ = {isa = PBXFileReference; fileEncoding = 4; lastKnownFileType = sourcecode.swift; path = SubscriptionCell.swift; sourceTree = "<group>"; };
		793B46ED1E6AE2C8000628F4 /* VideoLauncher.swift */ = {isa = PBXFileReference; fileEncoding = 4; lastKnownFileType = sourcecode.swift; path = VideoLauncher.swift; sourceTree = "<group>"; };
		796499BD1E658DD200EB4859 /* Video.swift */ = {isa = PBXFileReference; fileEncoding = 4; lastKnownFileType = sourcecode.swift; path = Video.swift; sourceTree = "<group>"; };
		796499BF1E65FFA700EB4859 /* SettingsLauncher.swift */ = {isa = PBXFileReference; fileEncoding = 4; lastKnownFileType = sourcecode.swift; path = SettingsLauncher.swift; sourceTree = "<group>"; };
/* End PBXFileReference section */

/* Begin PBXFrameworksBuildPhase section */
		790F8D911E606366006B1AC7 /* Frameworks */ = {
			isa = PBXFrameworksBuildPhase;
			buildActionMask = 2147483647;
			files = (
			);
			runOnlyForDeploymentPostprocessing = 0;
		};
/* End PBXFrameworksBuildPhase section */

/* Begin PBXGroup section */
		790F8D8B1E606366006B1AC7 = {
			isa = PBXGroup;
			children = (
				790F8D961E606366006B1AC7 /* Youtube */,
				790F8D951E606366006B1AC7 /* Products */,
			);
			sourceTree = "<group>";
		};
		790F8D951E606366006B1AC7 /* Products */ = {
			isa = PBXGroup;
			children = (
				790F8D941E606366006B1AC7 /* Youtube.app */,
			);
			name = Products;
			sourceTree = "<group>";
		};
		790F8D961E606366006B1AC7 /* Youtube */ = {
			isa = PBXGroup;
			children = (
				793B46E41E681475000628F4 /* ApiService */,
				796499BC1E658DC100EB4859 /* Model */,
				790F8DAC1E61F17F006B1AC7 /* View */,
				790F8DAF1E61F1E7006B1AC7 /* Controller */,
				790F8DA91E61F0FA006B1AC7 /* Helpers */,
				790F8D971E606366006B1AC7 /* AppDelegate.swift */,
				790F8D9B1E606366006B1AC7 /* Main.storyboard */,
				790F8D9E1E606366006B1AC7 /* Assets.xcassets */,
				790F8DA01E606366006B1AC7 /* LaunchScreen.storyboard */,
				790F8DA31E606366006B1AC7 /* Info.plist */,
			);
			path = Youtube;
			sourceTree = "<group>";
		};
		790F8DA91E61F0FA006B1AC7 /* Helpers */ = {
			isa = PBXGroup;
			children = (
				790F8DAA1E61F123006B1AC7 /* Extensions.swift */,
				793B46ED1E6AE2C8000628F4 /* VideoLauncher.swift */,
			);
			name = Helpers;
			sourceTree = "<group>";
		};
		790F8DAC1E61F17F006B1AC7 /* View */ = {
			isa = PBXGroup;
			children = (
				790F8DAD1E61F1B8006B1AC7 /* VideoCell.swift */,
				792CAA4C1E63382C00FE914E /* MenuBar.swift */,
				793B46E21E67161F000628F4 /* SettingCell.swift */,
				793B46E71E686535000628F4 /* FeedCell.swift */,
				793B46E91E688EC9000628F4 /* TrendingCell.swift */,
				793B46EB1E6892F4000628F4 /* SubscriptionCell.swift */,
			);
			name = View;
			sourceTree = "<group>";
		};
		790F8DAF1E61F1E7006B1AC7 /* Controller */ = {
			isa = PBXGroup;
			children = (
				790F8D991E606366006B1AC7 /* HomeController.swift */,
				796499BF1E65FFA700EB4859 /* SettingsLauncher.swift */,
			);
			name = Controller;
			sourceTree = "<group>";
		};
		793B46E41E681475000628F4 /* ApiService */ = {
			isa = PBXGroup;
			children = (
				793B46E51E6814BA000628F4 /* ApiService.swift */,
			);
			name = ApiService;
			sourceTree = "<group>";
		};
		796499BC1E658DC100EB4859 /* Model */ = {
			isa = PBXGroup;
			children = (
				796499BD1E658DD200EB4859 /* Video.swift */,
			);
			name = Model;
			sourceTree = "<group>";
		};
/* End PBXGroup section */

/* Begin PBXNativeTarget section */
		790F8D931E606366006B1AC7 /* Youtube */ = {
			isa = PBXNativeTarget;
			buildConfigurationList = 790F8DA61E606366006B1AC7 /* Build configuration list for PBXNativeTarget "Youtube" */;
			buildPhases = (
				790F8D901E606366006B1AC7 /* Sources */,
				790F8D911E606366006B1AC7 /* Frameworks */,
				790F8D921E606366006B1AC7 /* Resources */,
			);
			buildRules = (
			);
			dependencies = (
			);
			name = Youtube;
			productName = Youtube;
			productReference = 790F8D941E606366006B1AC7 /* Youtube.app */;
			productType = "com.apple.product-type.application";
		};
/* End PBXNativeTarget section */

/* Begin PBXProject section */
		790F8D8C1E606366006B1AC7 /* Project object */ = {
			isa = PBXProject;
			attributes = {
				LastSwiftUpdateCheck = 0820;
				LastUpgradeCheck = 0820;
				ORGANIZATIONNAME = Abish;
				TargetAttributes = {
					790F8D931E606366006B1AC7 = {
						CreatedOnToolsVersion = 8.2.1;
						ProvisioningStyle = Manual;
					};
				};
			};
			buildConfigurationList = 790F8D8F1E606366006B1AC7 /* Build configuration list for PBXProject "Youtube" */;
			compatibilityVersion = "Xcode 3.2";
			developmentRegion = English;
			hasScannedForEncodings = 0;
			knownRegions = (
				en,
				Base,
			);
			mainGroup = 790F8D8B1E606366006B1AC7;
			productRefGroup = 790F8D951E606366006B1AC7 /* Products */;
			projectDirPath = "";
			projectRoot = "";
			targets = (
				790F8D931E606366006B1AC7 /* Youtube */,
			);
		};
/* End PBXProject section */

/* Begin PBXResourcesBuildPhase section */
		790F8D921E606366006B1AC7 /* Resources */ = {
			isa = PBXResourcesBuildPhase;
			buildActionMask = 2147483647;
			files = (
				790F8DA21E606366006B1AC7 /* LaunchScreen.storyboard in Resources */,
				790F8D9F1E606366006B1AC7 /* Assets.xcassets in Resources */,
				790F8D9D1E606366006B1AC7 /* Main.storyboard in Resources */,
			);
			runOnlyForDeploymentPostprocessing = 0;
		};
/* End PBXResourcesBuildPhase section */

/* Begin PBXSourcesBuildPhase section */
		790F8D901E606366006B1AC7 /* Sources */ = {
			isa = PBXSourcesBuildPhase;
			buildActionMask = 2147483647;
			files = (
				790F8D9A1E606366006B1AC7 /* HomeController.swift in Sources */,
				793B46E81E686535000628F4 /* FeedCell.swift in Sources */,
				793B46EA1E688EC9000628F4 /* TrendingCell.swift in Sources */,
				796499BE1E658DD200EB4859 /* Video.swift in Sources */,
				793B46E31E67161F000628F4 /* SettingCell.swift in Sources */,
				790F8DAE1E61F1B8006B1AC7 /* VideoCell.swift in Sources */,
				796499C01E65FFA700EB4859 /* SettingsLauncher.swift in Sources */,
				793B46EE1E6AE2C8000628F4 /* VideoLauncher.swift in Sources */,
				793B46E61E6814BA000628F4 /* ApiService.swift in Sources */,
				790F8DAB1E61F123006B1AC7 /* Extensions.swift in Sources */,
				790F8D981E606366006B1AC7 /* AppDelegate.swift in Sources */,
				793B46EC1E6892F4000628F4 /* SubscriptionCell.swift in Sources */,
				792CAA4D1E63382C00FE914E /* MenuBar.swift in Sources */,
			);
			runOnlyForDeploymentPostprocessing = 0;
		};
/* End PBXSourcesBuildPhase section */

/* Begin PBXVariantGroup section */
		790F8D9B1E606366006B1AC7 /* Main.storyboard */ = {
			isa = PBXVariantGroup;
			children = (
				790F8D9C1E606366006B1AC7 /* Base */,
			);
			name = Main.storyboard;
			sourceTree = "<group>";
		};
		790F8DA01E606366006B1AC7 /* LaunchScreen.storyboard */ = {
			isa = PBXVariantGroup;
			children = (
				790F8DA11E606366006B1AC7 /* Base */,
			);
			name = LaunchScreen.storyboard;
			sourceTree = "<group>";
		};
/* End PBXVariantGroup section */

/* Begin XCBuildConfiguration section */
		790F8DA41E606366006B1AC7 /* Debug */ = {
			isa = XCBuildConfiguration;
			buildSettings = {
				ALWAYS_SEARCH_USER_PATHS = NO;
				CLANG_ANALYZER_NONNULL = YES;
				CLANG_CXX_LANGUAGE_STANDARD = "gnu++0x";
				CLANG_CXX_LIBRARY = "libc++";
				CLANG_ENABLE_MODULES = YES;
				CLANG_ENABLE_OBJC_ARC = YES;
				CLANG_WARN_BOOL_CONVERSION = YES;
				CLANG_WARN_CONSTANT_CONVERSION = YES;
				CLANG_WARN_DIRECT_OBJC_ISA_USAGE = YES_ERROR;
				CLANG_WARN_DOCUMENTATION_COMMENTS = YES;
				CLANG_WARN_EMPTY_BODY = YES;
				CLANG_WARN_ENUM_CONVERSION = YES;
				CLANG_WARN_INFINITE_RECURSION = YES;
				CLANG_WARN_INT_CONVERSION = YES;
				CLANG_WARN_OBJC_ROOT_CLASS = YES_ERROR;
				CLANG_WARN_SUSPICIOUS_MOVE = YES;
				CLANG_WARN_UNREACHABLE_CODE = YES;
				CLANG_WARN__DUPLICATE_METHOD_MATCH = YES;
				CODE_SIGN_IDENTITY = "iPhone Developer";
				"CODE_SIGN_IDENTITY[sdk=iphoneos*]" = "iPhone Developer";
				COPY_PHASE_STRIP = NO;
				DEBUG_INFORMATION_FORMAT = dwarf;
				ENABLE_STRICT_OBJC_MSGSEND = YES;
				ENABLE_TESTABILITY = YES;
				GCC_C_LANGUAGE_STANDARD = gnu99;
				GCC_DYNAMIC_NO_PIC = NO;
				GCC_NO_COMMON_BLOCKS = YES;
				GCC_OPTIMIZATION_LEVEL = 0;
				GCC_PREPROCESSOR_DEFINITIONS = (
					"DEBUG=1",
					"$(inherited)",
				);
				GCC_WARN_64_TO_32_BIT_CONVERSION = YES;
				GCC_WARN_ABOUT_RETURN_TYPE = YES_ERROR;
				GCC_WARN_UNDECLARED_SELECTOR = YES;
				GCC_WARN_UNINITIALIZED_AUTOS = YES_AGGRESSIVE;
				GCC_WARN_UNUSED_FUNCTION = YES;
				GCC_WARN_UNUSED_VARIABLE = YES;
				IPHONEOS_DEPLOYMENT_TARGET = 10.2;
				MTL_ENABLE_DEBUG_INFO = YES;
				ONLY_ACTIVE_ARCH = YES;
				SDKROOT = iphoneos;
				SWIFT_ACTIVE_COMPILATION_CONDITIONS = DEBUG;
				SWIFT_OPTIMIZATION_LEVEL = "-Onone";
				TARGETED_DEVICE_FAMILY = "1,2";
			};
			name = Debug;
		};
		790F8DA51E606366006B1AC7 /* Release */ = {
			isa = XCBuildConfiguration;
			buildSettings = {
				ALWAYS_SEARCH_USER_PATHS = NO;
				CLANG_ANALYZER_NONNULL = YES;
				CLANG_CXX_LANGUAGE_STANDARD = "gnu++0x";
				CLANG_CXX_LIBRARY = "libc++";
				CLANG_ENABLE_MODULES = YES;
				CLANG_ENABLE_OBJC_ARC = YES;
				CLANG_WARN_BOOL_CONVERSION = YES;
				CLANG_WARN_CONSTANT_CONVERSION = YES;
				CLANG_WARN_DIRECT_OBJC_ISA_USAGE = YES_ERROR;
				CLANG_WARN_DOCUMENTATION_COMMENTS = YES;
				CLANG_WARN_EMPTY_BODY = YES;
				CLANG_WARN_ENUM_CONVERSION = YES;
				CLANG_WARN_INFINITE_RECURSION = YES;
				CLANG_WARN_INT_CONVERSION = YES;
				CLANG_WARN_OBJC_ROOT_CLASS = YES_ERROR;
				CLANG_WARN_SUSPICIOUS_MOVE = YES;
				CLANG_WARN_UNREACHABLE_CODE = YES;
				CLANG_WARN__DUPLICATE_METHOD_MATCH = YES;
				CODE_SIGN_IDENTITY = "iPhone Developer";
				"CODE_SIGN_IDENTITY[sdk=iphoneos*]" = "iPhone Developer";
				COPY_PHASE_STRIP = NO;
				DEBUG_INFORMATION_FORMAT = "dwarf-with-dsym";
				ENABLE_NS_ASSERTIONS = NO;
				ENABLE_STRICT_OBJC_MSGSEND = YES;
				GCC_C_LANGUAGE_STANDARD = gnu99;
				GCC_NO_COMMON_BLOCKS = YES;
				GCC_WARN_64_TO_32_BIT_CONVERSION = YES;
				GCC_WARN_ABOUT_RETURN_TYPE = YES_ERROR;
				GCC_WARN_UNDECLARED_SELECTOR = YES;
				GCC_WARN_UNINITIALIZED_AUTOS = YES_AGGRESSIVE;
				GCC_WARN_UNUSED_FUNCTION = YES;
				GCC_WARN_UNUSED_VARIABLE = YES;
				IPHONEOS_DEPLOYMENT_TARGET = 10.2;
				MTL_ENABLE_DEBUG_INFO = NO;
				SDKROOT = iphoneos;
				SWIFT_OPTIMIZATION_LEVEL = "-Owholemodule";
				TARGETED_DEVICE_FAMILY = "1,2";
				VALIDATE_PRODUCT = YES;
			};
			name = Release;
		};
		790F8DA71E606366006B1AC7 /* Debug */ = {
			isa = XCBuildConfiguration;
			buildSettings = {
				ASSETCATALOG_COMPILER_APPICON_NAME = AppIcon;
				CODE_SIGN_IDENTITY = "iPhone Developer";
				DEVELOPMENT_TEAM = "";
				INFOPLIST_FILE = Youtube/Info.plist;
				LD_RUNPATH_SEARCH_PATHS = "$(inherited) @executable_path/Frameworks";
				PRODUCT_BUNDLE_IDENTIFIER = com.Abish.Youtube;
				PRODUCT_NAME = "$(TARGET_NAME)";
				SWIFT_VERSION = 3.0;
				TARGETED_DEVICE_FAMILY = 1;
			};
			name = Debug;
		};
		790F8DA81E606366006B1AC7 /* Release */ = {
			isa = XCBuildConfiguration;
			buildSettings = {
				ASSETCATALOG_COMPILER_APPICON_NAME = AppIcon;
				CODE_SIGN_IDENTITY = "iPhone Developer";
				"CODE_SIGN_IDENTITY[sdk=iphoneos*]" = "iPhone Developer";
				DEVELOPMENT_TEAM = "";
				INFOPLIST_FILE = Youtube/Info.plist;
				LD_RUNPATH_SEARCH_PATHS = "$(inherited) @executable_path/Frameworks";
				PRODUCT_BUNDLE_IDENTIFIER = com.Abish.Youtube;
				PRODUCT_NAME = "$(TARGET_NAME)";
				SWIFT_VERSION = 3.0;
				TARGETED_DEVICE_FAMILY = 1;
			};
			name = Release;
		};
/* End XCBuildConfiguration section */

/* Begin XCConfigurationList section */
		790F8D8F1E606366006B1AC7 /* Build configuration list for PBXProject "Youtube" */ = {
			isa = XCConfigurationList;
			buildConfigurations = (
				790F8DA41E606366006B1AC7 /* Debug */,
				790F8DA51E606366006B1AC7 /* Release */,
			);
			defaultConfigurationIsVisible = 0;
			defaultConfigurationName = Release;
		};
		790F8DA61E606366006B1AC7 /* Build configuration list for PBXNativeTarget "Youtube" */ = {
			isa = XCConfigurationList;
			buildConfigurations = (
				790F8DA71E606366006B1AC7 /* Debug */,
				790F8DA81E606366006B1AC7 /* Release */,
			);
			defaultConfigurationIsVisible = 0;
			defaultConfigurationName = Release;
		};
/* End XCConfigurationList section */
	};
	rootObject = 790F8D8C1E606366006B1AC7 /* Project object */;
}
